
Microsoft Visual Studio Solution File, Format Version 12.00
# Visual Studio Version 16
VisualStudioVersion = 16.0.31005.135
MinimumVisualStudioVersion = 10.0.40219.1
Project("{FAE04EC0-301F-11D3-BF4B-00C04F79EFBC}") = "GUI", "Hospital Management\GUI.csproj", "{123BC9BB-07C8-4370-BD59-B2A365B5D4BC}"
EndProject
Project("{FAE04EC0-301F-11D3-BF4B-00C04F79EFBC}") = "Account Management", "Account Management\Account Management.csproj", "{6FEAC73E-C378-4F09-9358-C2D4284F801C}"
EndProject
Global
	GlobalSection(SolutionConfigurationPlatforms) = preSolution
		Debug|Any CPU = Debug|Any CPU
		Release|Any CPU = Release|Any CPU
	EndGlobalSection
	GlobalSection(ProjectConfigurationPlatforms) = postSolution
		{123BC9BB-07C8-4370-BD59-B2A365B5D4BC}.Debug|Any CPU.ActiveCfg = Debug|Any CPU
		{123BC9BB-07C8-4370-BD59-B2A365B5D4BC}.Debug|Any CPU.Build.0 = Debug|Any CPU
		{123BC9BB-07C8-4370-BD59-B2A365B5D4BC}.Release|Any CPU.ActiveCfg = Release|Any CPU
		{123BC9BB-07C8-4370-BD59-B2A365B5D4BC}.Release|Any CPU.Build.0 = Release|Any CPU
		{6FEAC73E-C378-4F09-9358-C2D4284F801C}.Debug|Any CPU.ActiveCfg = Debug|Any CPU
		{6FEAC73E-C378-4F09-9358-C2D4284F801C}.Debug|Any CPU.Build.0 = Debug|Any CPU
		{6FEAC73E-C378-4F09-9358-C2D4284F801C}.Release|Any CPU.ActiveCfg = Release|Any CPU
		{6FEAC73E-C378-4F09-9358-C2D4284F801C}.Release|Any CPU.Build.0 = Release|Any CPU
	EndGlobalSection
	GlobalSection(SolutionProperties) = preSolution
		HideSolutionNode = FALSE
	EndGlobalSection
	GlobalSection(ExtensibilityGlobals) = postSolution
		SolutionGuid = {C5389497-39C3-49F5-9CB2-438577132166}
	EndGlobalSection
EndGlobal
